
Microsoft Visual Studio Solution File, Format Version 12.00
# Visual Studio Version 17
VisualStudioVersion = 17.5.33502.453
MinimumVisualStudioVersion = 10.0.40219.1
Project("{FAE04EC0-301F-11D3-BF4B-00C04F79EFBC}") = "BoredtopiaServerSide", "BoredtopiaServerSide\BoredtopiaServerSide.csproj", "{AA899A11-CDEC-4112-A2BC-CAC87DB65D62}"
EndProject
Global
	GlobalSection(SolutionConfigurationPlatforms) = preSolution
		Debug|Any CPU = Debug|Any CPU
		Release|Any CPU = Release|Any CPU
	EndGlobalSection
	GlobalSection(ProjectConfigurationPlatforms) = postSolution
		{AA899A11-CDEC-4112-A2BC-CAC87DB65D62}.Debug|Any CPU.ActiveCfg = Debug|Any CPU
		{AA899A11-CDEC-4112-A2BC-CAC87DB65D62}.Debug|Any CPU.Build.0 = Debug|Any CPU
		{AA899A11-CDEC-4112-A2BC-CAC87DB65D62}.Release|Any CPU.ActiveCfg = Release|Any CPU
		{AA899A11-CDEC-4112-A2BC-CAC87DB65D62}.Release|Any CPU.Build.0 = Release|Any CPU
	EndGlobalSection
	GlobalSection(SolutionProperties) = preSolution
		HideSolutionNode = FALSE
	EndGlobalSection
	GlobalSection(ExtensibilityGlobals) = postSolution
		SolutionGuid = {FC1DA4AA-1AD1-43D6-BA60-4170FDC5DDA3}
	EndGlobalSection
EndGlobal
