
Microsoft Visual Studio Solution File, Format Version 12.00
# Visual Studio Version 17
VisualStudioVersion = 17.5.33516.290
MinimumVisualStudioVersion = 10.0.40219.1
Project("{FAE04EC0-301F-11D3-BF4B-00C04F79EFBC}") = "Boredtopia.Server", "Boredtopia\Server\Boredtopia.Server.csproj", "{EC8A02E6-1888-43F6-89BB-5418809A9E44}"
EndProject
Project("{FAE04EC0-301F-11D3-BF4B-00C04F79EFBC}") = "Boredtopia.Client", "Boredtopia\Client\Boredtopia.Client.csproj", "{46EDEFEF-B5DA-483F-B551-8CE514173D6F}"
EndProject
Project("{FAE04EC0-301F-11D3-BF4B-00C04F79EFBC}") = "Boredtopia.Shared", "Boredtopia\Shared\Boredtopia.Shared.csproj", "{AFD65095-DDE4-4A7B-ACBA-910AC788525C}"
EndProject
Global
	GlobalSection(SolutionConfigurationPlatforms) = preSolution
		Debug|Any CPU = Debug|Any CPU
		Release|Any CPU = Release|Any CPU
	EndGlobalSection
	GlobalSection(ProjectConfigurationPlatforms) = postSolution
		{EC8A02E6-1888-43F6-89BB-5418809A9E44}.Debug|Any CPU.ActiveCfg = Debug|Any CPU
		{EC8A02E6-1888-43F6-89BB-5418809A9E44}.Debug|Any CPU.Build.0 = Debug|Any CPU
		{EC8A02E6-1888-43F6-89BB-5418809A9E44}.Release|Any CPU.ActiveCfg = Release|Any CPU
		{EC8A02E6-1888-43F6-89BB-5418809A9E44}.Release|Any CPU.Build.0 = Release|Any CPU
		{46EDEFEF-B5DA-483F-B551-8CE514173D6F}.Debug|Any CPU.ActiveCfg = Debug|Any CPU
		{46EDEFEF-B5DA-483F-B551-8CE514173D6F}.Debug|Any CPU.Build.0 = Debug|Any CPU
		{46EDEFEF-B5DA-483F-B551-8CE514173D6F}.Release|Any CPU.ActiveCfg = Release|Any CPU
		{46EDEFEF-B5DA-483F-B551-8CE514173D6F}.Release|Any CPU.Build.0 = Release|Any CPU
		{AFD65095-DDE4-4A7B-ACBA-910AC788525C}.Debug|Any CPU.ActiveCfg = Debug|Any CPU
		{AFD65095-DDE4-4A7B-ACBA-910AC788525C}.Debug|Any CPU.Build.0 = Debug|Any CPU
		{AFD65095-DDE4-4A7B-ACBA-910AC788525C}.Release|Any CPU.ActiveCfg = Release|Any CPU
		{AFD65095-DDE4-4A7B-ACBA-910AC788525C}.Release|Any CPU.Build.0 = Release|Any CPU
	EndGlobalSection
	GlobalSection(SolutionProperties) = preSolution
		HideSolutionNode = FALSE
	EndGlobalSection
	GlobalSection(ExtensibilityGlobals) = postSolution
		SolutionGuid = {B3AFCAD7-010E-48B0-B4F0-208E14F8DC82}
	EndGlobalSection
EndGlobal
